
Microsoft Visual Studio Solution File, Format Version 12.00
# Visual Studio Version 16
VisualStudioVersion = 16.0.32106.194
MinimumVisualStudioVersion = 10.0.40219.1
Project("{FAE04EC0-301F-11D3-BF4B-00C04F79EFBC}") = "DietProject", "DietProject\DietProject.csproj", "{367B3884-C8B2-4166-AD43-06C0EA4B6CF6}"
EndProject
Global
	GlobalSection(SolutionConfigurationPlatforms) = preSolution
		Debug|Any CPU = Debug|Any CPU
		Release|Any CPU = Release|Any CPU
	EndGlobalSection
	GlobalSection(ProjectConfigurationPlatforms) = postSolution
		{367B3884-C8B2-4166-AD43-06C0EA4B6CF6}.Debug|Any CPU.ActiveCfg = Debug|Any CPU
		{367B3884-C8B2-4166-AD43-06C0EA4B6CF6}.Debug|Any CPU.Build.0 = Debug|Any CPU
		{367B3884-C8B2-4166-AD43-06C0EA4B6CF6}.Release|Any CPU.ActiveCfg = Release|Any CPU
		{367B3884-C8B2-4166-AD43-06C0EA4B6CF6}.Release|Any CPU.Build.0 = Release|Any CPU
	EndGlobalSection
	GlobalSection(SolutionProperties) = preSolution
		HideSolutionNode = FALSE
	EndGlobalSection
	GlobalSection(ExtensibilityGlobals) = postSolution
		SolutionGuid = {0F30A812-D5A1-4CBD-9D14-28FDD392FBAD}
	EndGlobalSection
EndGlobal
